
Microsoft Visual Studio Solution File, Format Version 12.00
# Visual Studio Version 17
VisualStudioVersion = 17.12.35506.116
MinimumVisualStudioVersion = 10.0.40219.1
Project("{8BC9CEB8-8B4A-11D0-8D11-00A0C91BC942}") = "MathGL", "MathGL\MathGL.vcxproj", "{0083506C-BBD5-4429-9C97-E51C4E1191D8}"
	ProjectSection(ProjectDependencies) = postProject
		{6504E9E5-702E-432D-9E3E-5F4497C23661} = {6504E9E5-702E-432D-9E3E-5F4497C23661}
		{91300D2F-50F4-415E-9130-43351D2F0087} = {91300D2F-50F4-415E-9130-43351D2F0087}
	EndProjectSection
EndProject
Project("{FAE04EC0-301F-11D3-BF4B-00C04F79EFBC}") = "MathUI", "MathUI\MathUI.csproj", "{07E6A901-C310-49F4-A123-4AA856CA7CB8}"
EndProject
Project("{8BC9CEB8-8B4A-11D0-8D11-00A0C91BC942}") = "Geometry", "Geometry\Geometry.vcxproj", "{91300D2F-50F4-415E-9130-43351D2F0087}"
	ProjectSection(ProjectDependencies) = postProject
		{856419B2-50FD-4FCA-870D-15C5148CAC7C} = {856419B2-50FD-4FCA-870D-15C5148CAC7C}
	EndProjectSection
EndProject
Project("{8BC9CEB8-8B4A-11D0-8D11-00A0C91BC942}") = "GeometryNative", "GeometryNative\GeometryNative.vcxproj", "{856419B2-50FD-4FCA-870D-15C5148CAC7C}"
EndProject
Project("{54435603-DBB4-11D2-8724-00A0C9A8B90C}") = "MathSetup", "MathSetup\MathSetup.vdproj", "{B95E0846-726F-416F-B4F6-FB768CB03E1D}"
EndProject
Project("{8BC9CEB8-8B4A-11D0-8D11-00A0C91BC942}") = "MathTest", "MathTest\MathTest.vcxproj", "{2097710E-8CAC-4598-93DE-131993BCE217}"
	ProjectSection(ProjectDependencies) = postProject
		{6504E9E5-702E-432D-9E3E-5F4497C23661} = {6504E9E5-702E-432D-9E3E-5F4497C23661}
		{856419B2-50FD-4FCA-870D-15C5148CAC7C} = {856419B2-50FD-4FCA-870D-15C5148CAC7C}
	EndProjectSection
EndProject
Project("{8BC9CEB8-8B4A-11D0-8D11-00A0C91BC942}") = "MathCoreNative", "MathCoreNative\MathCoreNative.vcxproj", "{6504E9E5-702E-432D-9E3E-5F4497C23661}"
EndProject
Project("{FAE04EC0-301F-11D3-BF4B-00C04F79EFBC}") = "CustomCommand", "CustomCommand\CustomCommand.csproj", "{64775D55-E713-4F4A-BC33-D05AB1FBB22D}"
EndProject
Project("{FAE04EC0-301F-11D3-BF4B-00C04F79EFBC}") = "MathTestCSharp", "MathTestCSharp\MathTestCSharp.csproj", "{2DD3B503-4A03-4A95-A67B-4347F29DF440}"
EndProject
Global
	GlobalSection(SolutionConfigurationPlatforms) = preSolution
		Debug|Any CPU = Debug|Any CPU
		Debug|x64 = Debug|x64
		Debug|x86 = Debug|x86
		Release|Any CPU = Release|Any CPU
		Release|x64 = Release|x64
		Release|x86 = Release|x86
	EndGlobalSection
	GlobalSection(ProjectConfigurationPlatforms) = postSolution
		{0083506C-BBD5-4429-9C97-E51C4E1191D8}.Debug|Any CPU.ActiveCfg = Debug|x64
		{0083506C-BBD5-4429-9C97-E51C4E1191D8}.Debug|Any CPU.Build.0 = Debug|x64
		{0083506C-BBD5-4429-9C97-E51C4E1191D8}.Debug|x64.ActiveCfg = Debug|x64
		{0083506C-BBD5-4429-9C97-E51C4E1191D8}.Debug|x64.Build.0 = Debug|x64
		{0083506C-BBD5-4429-9C97-E51C4E1191D8}.Debug|x86.ActiveCfg = Debug|Win32
		{0083506C-BBD5-4429-9C97-E51C4E1191D8}.Debug|x86.Build.0 = Debug|Win32
		{0083506C-BBD5-4429-9C97-E51C4E1191D8}.Release|Any CPU.ActiveCfg = Release|x64
		{0083506C-BBD5-4429-9C97-E51C4E1191D8}.Release|Any CPU.Build.0 = Release|x64
		{0083506C-BBD5-4429-9C97-E51C4E1191D8}.Release|x64.ActiveCfg = Release|x64
		{0083506C-BBD5-4429-9C97-E51C4E1191D8}.Release|x64.Build.0 = Release|x64
		{0083506C-BBD5-4429-9C97-E51C4E1191D8}.Release|x86.ActiveCfg = Release|Win32
		{0083506C-BBD5-4429-9C97-E51C4E1191D8}.Release|x86.Build.0 = Release|Win32
		{07E6A901-C310-49F4-A123-4AA856CA7CB8}.Debug|Any CPU.ActiveCfg = Debug|Any CPU
		{07E6A901-C310-49F4-A123-4AA856CA7CB8}.Debug|Any CPU.Build.0 = Debug|Any CPU
		{07E6A901-C310-49F4-A123-4AA856CA7CB8}.Debug|x64.ActiveCfg = Debug|Any CPU
		{07E6A901-C310-49F4-A123-4AA856CA7CB8}.Debug|x64.Build.0 = Debug|Any CPU
		{07E6A901-C310-49F4-A123-4AA856CA7CB8}.Debug|x86.ActiveCfg = Debug|Any CPU
		{07E6A901-C310-49F4-A123-4AA856CA7CB8}.Debug|x86.Build.0 = Debug|Any CPU
		{07E6A901-C310-49F4-A123-4AA856CA7CB8}.Release|Any CPU.ActiveCfg = Release|Any CPU
		{07E6A901-C310-49F4-A123-4AA856CA7CB8}.Release|Any CPU.Build.0 = Release|Any CPU
		{07E6A901-C310-49F4-A123-4AA856CA7CB8}.Release|x64.ActiveCfg = Release|Any CPU
		{07E6A901-C310-49F4-A123-4AA856CA7CB8}.Release|x64.Build.0 = Release|Any CPU
		{07E6A901-C310-49F4-A123-4AA856CA7CB8}.Release|x86.ActiveCfg = Release|Any CPU
		{07E6A901-C310-49F4-A123-4AA856CA7CB8}.Release|x86.Build.0 = Release|Any CPU
		{91300D2F-50F4-415E-9130-43351D2F0087}.Debug|Any CPU.ActiveCfg = Debug|x64
		{91300D2F-50F4-415E-9130-43351D2F0087}.Debug|Any CPU.Build.0 = Debug|x64
		{91300D2F-50F4-415E-9130-43351D2F0087}.Debug|x64.ActiveCfg = Debug|x64
		{91300D2F-50F4-415E-9130-43351D2F0087}.Debug|x64.Build.0 = Debug|x64
		{91300D2F-50F4-415E-9130-43351D2F0087}.Debug|x86.ActiveCfg = Debug|Win32
		{91300D2F-50F4-415E-9130-43351D2F0087}.Debug|x86.Build.0 = Debug|Win32
		{91300D2F-50F4-415E-9130-43351D2F0087}.Release|Any CPU.ActiveCfg = Release|x64
		{91300D2F-50F4-415E-9130-43351D2F0087}.Release|Any CPU.Build.0 = Release|x64
		{91300D2F-50F4-415E-9130-43351D2F0087}.Release|x64.ActiveCfg = Release|x64
		{91300D2F-50F4-415E-9130-43351D2F0087}.Release|x64.Build.0 = Release|x64
		{91300D2F-50F4-415E-9130-43351D2F0087}.Release|x86.ActiveCfg = Release|Win32
		{91300D2F-50F4-415E-9130-43351D2F0087}.Release|x86.Build.0 = Release|Win32
		{856419B2-50FD-4FCA-870D-15C5148CAC7C}.Debug|Any CPU.ActiveCfg = Debug|x64
		{856419B2-50FD-4FCA-870D-15C5148CAC7C}.Debug|Any CPU.Build.0 = Debug|x64
		{856419B2-50FD-4FCA-870D-15C5148CAC7C}.Debug|x64.ActiveCfg = Debug|x64
		{856419B2-50FD-4FCA-870D-15C5148CAC7C}.Debug|x64.Build.0 = Debug|x64
		{856419B2-50FD-4FCA-870D-15C5148CAC7C}.Debug|x86.ActiveCfg = Debug|Win32
		{856419B2-50FD-4FCA-870D-15C5148CAC7C}.Debug|x86.Build.0 = Debug|Win32
		{856419B2-50FD-4FCA-870D-15C5148CAC7C}.Release|Any CPU.ActiveCfg = Release|x64
		{856419B2-50FD-4FCA-870D-15C5148CAC7C}.Release|Any CPU.Build.0 = Release|x64
		{856419B2-50FD-4FCA-870D-15C5148CAC7C}.Release|x64.ActiveCfg = Release|x64
		{856419B2-50FD-4FCA-870D-15C5148CAC7C}.Release|x64.Build.0 = Release|x64
		{856419B2-50FD-4FCA-870D-15C5148CAC7C}.Release|x86.ActiveCfg = Release|Win32
		{856419B2-50FD-4FCA-870D-15C5148CAC7C}.Release|x86.Build.0 = Release|Win32
		{B95E0846-726F-416F-B4F6-FB768CB03E1D}.Debug|Any CPU.ActiveCfg = Debug
		{B95E0846-726F-416F-B4F6-FB768CB03E1D}.Debug|x64.ActiveCfg = Debug
		{B95E0846-726F-416F-B4F6-FB768CB03E1D}.Debug|x86.ActiveCfg = Debug
		{B95E0846-726F-416F-B4F6-FB768CB03E1D}.Release|Any CPU.ActiveCfg = Release
		{B95E0846-726F-416F-B4F6-FB768CB03E1D}.Release|x64.ActiveCfg = Release
		{B95E0846-726F-416F-B4F6-FB768CB03E1D}.Release|x86.ActiveCfg = Release
		{2097710E-8CAC-4598-93DE-131993BCE217}.Debug|Any CPU.ActiveCfg = Debug|x64
		{2097710E-8CAC-4598-93DE-131993BCE217}.Debug|Any CPU.Build.0 = Debug|x64
		{2097710E-8CAC-4598-93DE-131993BCE217}.Debug|x64.ActiveCfg = Debug|x64
		{2097710E-8CAC-4598-93DE-131993BCE217}.Debug|x64.Build.0 = Debug|x64
		{2097710E-8CAC-4598-93DE-131993BCE217}.Debug|x86.ActiveCfg = Debug|Win32
		{2097710E-8CAC-4598-93DE-131993BCE217}.Debug|x86.Build.0 = Debug|Win32
		{2097710E-8CAC-4598-93DE-131993BCE217}.Release|Any CPU.ActiveCfg = Release|x64
		{2097710E-8CAC-4598-93DE-131993BCE217}.Release|Any CPU.Build.0 = Release|x64
		{2097710E-8CAC-4598-93DE-131993BCE217}.Release|x64.ActiveCfg = Release|x64
		{2097710E-8CAC-4598-93DE-131993BCE217}.Release|x64.Build.0 = Release|x64
		{2097710E-8CAC-4598-93DE-131993BCE217}.Release|x86.ActiveCfg = Release|Win32
		{2097710E-8CAC-4598-93DE-131993BCE217}.Release|x86.Build.0 = Release|Win32
		{6504E9E5-702E-432D-9E3E-5F4497C23661}.Debug|Any CPU.ActiveCfg = Debug|x64
		{6504E9E5-702E-432D-9E3E-5F4497C23661}.Debug|Any CPU.Build.0 = Debug|x64
		{6504E9E5-702E-432D-9E3E-5F4497C23661}.Debug|x64.ActiveCfg = Debug|x64
		{6504E9E5-702E-432D-9E3E-5F4497C23661}.Debug|x64.Build.0 = Debug|x64
		{6504E9E5-702E-432D-9E3E-5F4497C23661}.Debug|x86.ActiveCfg = Debug|Win32
		{6504E9E5-702E-432D-9E3E-5F4497C23661}.Debug|x86.Build.0 = Debug|Win32
		{6504E9E5-702E-432D-9E3E-5F4497C23661}.Release|Any CPU.ActiveCfg = Release|x64
		{6504E9E5-702E-432D-9E3E-5F4497C23661}.Release|Any CPU.Build.0 = Release|x64
		{6504E9E5-702E-432D-9E3E-5F4497C23661}.Release|x64.ActiveCfg = Release|x64
		{6504E9E5-702E-432D-9E3E-5F4497C23661}.Release|x64.Build.0 = Release|x64
		{6504E9E5-702E-432D-9E3E-5F4497C23661}.Release|x86.ActiveCfg = Release|Win32
		{6504E9E5-702E-432D-9E3E-5F4497C23661}.Release|x86.Build.0 = Release|Win32
		{64775D55-E713-4F4A-BC33-D05AB1FBB22D}.Debug|Any CPU.ActiveCfg = Debug|Any CPU
		{64775D55-E713-4F4A-BC33-D05AB1FBB22D}.Debug|Any CPU.Build.0 = Debug|Any CPU
		{64775D55-E713-4F4A-BC33-D05AB1FBB22D}.Debug|x64.ActiveCfg = Debug|Any CPU
		{64775D55-E713-4F4A-BC33-D05AB1FBB22D}.Debug|x64.Build.0 = Debug|Any CPU
		{64775D55-E713-4F4A-BC33-D05AB1FBB22D}.Debug|x86.ActiveCfg = Debug|Any CPU
		{64775D55-E713-4F4A-BC33-D05AB1FBB22D}.Debug|x86.Build.0 = Debug|Any CPU
		{64775D55-E713-4F4A-BC33-D05AB1FBB22D}.Release|Any CPU.ActiveCfg = Release|Any CPU
		{64775D55-E713-4F4A-BC33-D05AB1FBB22D}.Release|Any CPU.Build.0 = Release|Any CPU
		{64775D55-E713-4F4A-BC33-D05AB1FBB22D}.Release|x64.ActiveCfg = Release|Any CPU
		{64775D55-E713-4F4A-BC33-D05AB1FBB22D}.Release|x64.Build.0 = Release|Any CPU
		{64775D55-E713-4F4A-BC33-D05AB1FBB22D}.Release|x86.ActiveCfg = Release|Any CPU
		{64775D55-E713-4F4A-BC33-D05AB1FBB22D}.Release|x86.Build.0 = Release|Any CPU
		{2DD3B503-4A03-4A95-A67B-4347F29DF440}.Debug|Any CPU.ActiveCfg = Debug|Any CPU
		{2DD3B503-4A03-4A95-A67B-4347F29DF440}.Debug|Any CPU.Build.0 = Debug|Any CPU
		{2DD3B503-4A03-4A95-A67B-4347F29DF440}.Debug|x64.ActiveCfg = Debug|Any CPU
		{2DD3B503-4A03-4A95-A67B-4347F29DF440}.Debug|x64.Build.0 = Debug|Any CPU
		{2DD3B503-4A03-4A95-A67B-4347F29DF440}.Debug|x86.ActiveCfg = Debug|Any CPU
		{2DD3B503-4A03-4A95-A67B-4347F29DF440}.Debug|x86.Build.0 = Debug|Any CPU
		{2DD3B503-4A03-4A95-A67B-4347F29DF440}.Release|Any CPU.ActiveCfg = Release|Any CPU
		{2DD3B503-4A03-4A95-A67B-4347F29DF440}.Release|Any CPU.Build.0 = Release|Any CPU
		{2DD3B503-4A03-4A95-A67B-4347F29DF440}.Release|x64.ActiveCfg = Release|Any CPU
		{2DD3B503-4A03-4A95-A67B-4347F29DF440}.Release|x64.Build.0 = Release|Any CPU
		{2DD3B503-4A03-4A95-A67B-4347F29DF440}.Release|x86.ActiveCfg = Release|Any CPU
		{2DD3B503-4A03-4A95-A67B-4347F29DF440}.Release|x86.Build.0 = Release|Any CPU
	EndGlobalSection
	GlobalSection(SolutionProperties) = preSolution
		HideSolutionNode = FALSE
	EndGlobalSection
EndGlobal
