<?xml version="1.0" encoding="utf-8"?>
<Project ToolsVersion="4.0" xmlns="http://schemas.microsoft.com/developer/msbuild/2003">
  <ItemGroup>
    <Filter Include="Commons">
      <UniqueIdentifier>{9429c376-9449-4632-b5ca-8cd89cd93e77}</UniqueIdentifier>
    </Filter>
    <Filter Include="Commons\ObjectBase">
      <UniqueIdentifier>{3f227ee3-b1c6-4dae-8a19-c0c0a3f71755}</UniqueIdentifier>
    </Filter>
    <Filter Include="Commons\ResultPresenter">
      <UniqueIdentifier>{43d0cae5-4615-4f54-a22d-f3558eae50c6}</UniqueIdentifier>
    </Filter>
    <Filter Include="Commons\PlatformSettings">
      <UniqueIdentifier>{168a8732-0786-4f5f-a4c6-d7631a9343ae}</UniqueIdentifier>
    </Filter>
    <Filter Include="Drawing">
      <UniqueIdentifier>{9b98b2f3-6e7b-40b1-b1b9-46c340a891d9}</UniqueIdentifier>
    </Filter>
    <Filter Include="Drawing\Jig">
      <UniqueIdentifier>{7880b74a-bb30-4f66-98e6-c8c7997b084f}</UniqueIdentifier>
    </Filter>
    <Filter Include="Drawing\Drawable">
      <UniqueIdentifier>{e19e9921-9ccb-430d-9deb-33a3ce2a8626}</UniqueIdentifier>
    </Filter>
    <Filter Include="Database">
      <UniqueIdentifier>{a8703679-18f0-4141-af9c-e65e5d92b9f7}</UniqueIdentifier>
    </Filter>
    <Filter Include="Database\ObjectId">
      <UniqueIdentifier>{1fddc45a-a126-4d7b-be57-e569126b6d72}</UniqueIdentifier>
    </Filter>
    <Filter Include="Database\DbObject">
      <UniqueIdentifier>{50c2c0dc-9609-4100-8037-ec1afef71e8d}</UniqueIdentifier>
    </Filter>
    <Filter Include="Database\Entity">
      <UniqueIdentifier>{254d7047-c47b-4854-9ca2-fe910448a928}</UniqueIdentifier>
    </Filter>
    <Filter Include="Entities">
      <UniqueIdentifier>{3c3aafc7-2cd4-4f7a-b833-c84fd0233b53}</UniqueIdentifier>
    </Filter>
    <Filter Include="Entities\Circle">
      <UniqueIdentifier>{6c0ea26e-c1f3-433f-b19e-9c49161aca23}</UniqueIdentifier>
    </Filter>
    <Filter Include="Entities\Line">
      <UniqueIdentifier>{cc5c197b-3767-44d1-87e9-de7e18c2296f}</UniqueIdentifier>
    </Filter>
    <Filter Include="Entities\Arc">
      <UniqueIdentifier>{e4201ae4-e64f-4f02-8ce7-0e113f356f0e}</UniqueIdentifier>
    </Filter>
    <Filter Include="Entities\Polyline">
      <UniqueIdentifier>{a2e6c161-3323-4182-b552-0e675a4dfb81}</UniqueIdentifier>
    </Filter>
    <Filter Include="Commons\HostAppService">
      <UniqueIdentifier>{ca6aa1b2-c14d-4199-bdca-1692bdaf872a}</UniqueIdentifier>
    </Filter>
    <Filter Include="Commons\GraphicEngine">
      <UniqueIdentifier>{ac0bbf78-8723-4ae4-9d1c-d8371e75220a}</UniqueIdentifier>
    </Filter>
    <Filter Include="Commons\Session">
      <UniqueIdentifier>{a8bdd297-6900-4221-a778-858d0aff69c1}</UniqueIdentifier>
    </Filter>
    <Filter Include="Entities\Plane">
      <UniqueIdentifier>{a13a3fd0-8b8b-4ec5-8ca5-28ce61b3fa86}</UniqueIdentifier>
    </Filter>
    <Filter Include="Commons\Prompts">
      <UniqueIdentifier>{b89cb2af-9fe2-4919-a4f6-69a2e4dc1725}</UniqueIdentifier>
    </Filter>
    <Filter Include="Commons\Prompts\SelectionPrompt">
      <UniqueIdentifier>{c4a7f966-39e3-4b49-b7b0-d0f566b9bf56}</UniqueIdentifier>
    </Filter>
    <Filter Include="Entities\3dSolid">
      <UniqueIdentifier>{c96654e0-f64a-45b4-b9c3-d7cf25094d34}</UniqueIdentifier>
    </Filter>
  </ItemGroup>
  <ItemGroup>
    <ClInclude Include="OdBaseObject.h">
      <Filter>Commons\ObjectBase</Filter>
    </ClInclude>
    <ClInclude Include="OdError.h">
      <Filter>Commons\ResultPresenter</Filter>
    </ClInclude>
    <ClInclude Include="OdError_NotThatKindOfClass.h">
      <Filter>Commons\ResultPresenter</Filter>
    </ClInclude>
    <ClInclude Include="OdResult.h">
      <Filter>Commons\ResultPresenter</Filter>
    </ClInclude>
    <ClInclude Include="OdPlatformSettings.h">
      <Filter>Commons\PlatformSettings</Filter>
    </ClInclude>
    <ClInclude Include="OdDbObjectId.h">
      <Filter>Database\ObjectId</Filter>
    </ClInclude>
    <ClInclude Include="OdDbObject.h">
      <Filter>Database\DbObject</Filter>
    </ClInclude>
    <ClInclude Include="framework.h">
      <Filter>Commons\PlatformSettings</Filter>
    </ClInclude>
    <ClInclude Include="pch.h">
      <Filter>Commons\PlatformSettings</Filter>
    </ClInclude>
    <ClInclude Include="OdGiDrawable.h">
      <Filter>Drawing\Drawable</Filter>
    </ClInclude>
    <ClInclude Include="OdDbEntity.h">
      <Filter>Database\Entity</Filter>
    </ClInclude>
    <ClInclude Include="OdDbCircle.h">
      <Filter>Entities\Circle</Filter>
    </ClInclude>
    <ClInclude Include="OdHostAppService.h">
      <Filter>Commons\HostAppService</Filter>
    </ClInclude>
    <ClInclude Include="OdMathSession.h">
      <Filter>Commons\Session</Filter>
    </ClInclude>
    <ClInclude Include="IEngine.h">
      <Filter>Commons\GraphicEngine</Filter>
    </ClInclude>
    <ClInclude Include="OdDbLine.h">
      <Filter>Entities\Line</Filter>
    </ClInclude>
    <ClInclude Include="OdJig.h">
      <Filter>Drawing\Jig</Filter>
    </ClInclude>
    <ClInclude Include="MathLog.h">
      <Filter>Commons\ResultPresenter</Filter>
    </ClInclude>
    <ClInclude Include="OdDbArc.h">
      <Filter>Entities\Arc</Filter>
    </ClInclude>
    <ClInclude Include="OdDbPolyline.h">
      <Filter>Entities\Polyline</Filter>
    </ClInclude>
    <ClInclude Include="OdDbPlane.h">
      <Filter>Entities\Plane</Filter>
    </ClInclude>
    <ClInclude Include="AbstractSelectionPrompt.h">
      <Filter>Commons\Prompts\SelectionPrompt</Filter>
    </ClInclude>
    <ClInclude Include="OdDb3dSolid.h">
      <Filter>Entities\3dSolid</Filter>
    </ClInclude>
  </ItemGroup>
  <ItemGroup>
    <ClCompile Include="OdBaseObject.cpp">
      <Filter>Commons\ObjectBase</Filter>
    </ClCompile>
    <ClCompile Include="OdError.cpp">
      <Filter>Commons\ResultPresenter</Filter>
    </ClCompile>
    <ClCompile Include="OdError_NotThatKindOfClass.cpp">
      <Filter>Commons\ResultPresenter</Filter>
    </ClCompile>
    <ClCompile Include="OdDbObjectId.cpp">
      <Filter>Database\ObjectId</Filter>
    </ClCompile>
    <ClCompile Include="OdDbObject.cpp">
      <Filter>Database\DbObject</Filter>
    </ClCompile>
    <ClCompile Include="pch.cpp">
      <Filter>Commons\PlatformSettings</Filter>
    </ClCompile>
    <ClCompile Include="OdGiDrawable.cpp">
      <Filter>Drawing\Drawable</Filter>
    </ClCompile>
    <ClCompile Include="OdDbEntity.cpp">
      <Filter>Database\Entity</Filter>
    </ClCompile>
    <ClCompile Include="OdDbCircle.cpp">
      <Filter>Entities\Circle</Filter>
    </ClCompile>
    <ClCompile Include="OdHostAppService.cpp">
      <Filter>Commons\HostAppService</Filter>
    </ClCompile>
    <ClCompile Include="OdMathSession.cpp">
      <Filter>Commons\Session</Filter>
    </ClCompile>
    <ClCompile Include="IEngine.cpp">
      <Filter>Commons\GraphicEngine</Filter>
    </ClCompile>
    <ClCompile Include="OdDbLine.cpp">
      <Filter>Entities\Line</Filter>
    </ClCompile>
    <ClCompile Include="OdJig.cpp">
      <Filter>Drawing\Jig</Filter>
    </ClCompile>
    <ClCompile Include="OdDbArc.cpp">
      <Filter>Entities\Arc</Filter>
    </ClCompile>
    <ClCompile Include="OdDbPolyline.cpp">
      <Filter>Entities\Polyline</Filter>
    </ClCompile>
    <ClCompile Include="OdDbPlane.cpp">
      <Filter>Entities\Plane</Filter>
    </ClCompile>
    <ClCompile Include="AbstractSelectionPrompt.cpp">
      <Filter>Commons\Prompts\SelectionPrompt</Filter>
    </ClCompile>
    <ClCompile Include="OdDb3dSolid.cpp">
      <Filter>Entities\3dSolid</Filter>
    </ClCompile>
  </ItemGroup>
</Project>