<?xml version="1.0" encoding="utf-8"?>
<Project ToolsVersion="4.0" xmlns="http://schemas.microsoft.com/developer/msbuild/2003">
  <ItemGroup>
    <Filter Include="Source Files">
      <UniqueIdentifier>{4FC737F1-C7A5-4376-A066-2A32D752A2FF}</UniqueIdentifier>
      <Extensions>cpp;c;cc;cxx;c++;cppm;ixx;def;odl;idl;hpj;bat;asm;asmx</Extensions>
    </Filter>
    <Filter Include="Header Files">
      <UniqueIdentifier>{93995380-89BD-4b04-88EB-625FBE52EBFB}</UniqueIdentifier>
      <Extensions>h;hh;hpp;hxx;h++;hm;inl;inc;ipp;xsd</Extensions>
    </Filter>
    <Filter Include="Resource Files">
      <UniqueIdentifier>{67DA6AB6-F800-4c08-8B7A-83BB121AAD01}</UniqueIdentifier>
      <Extensions>rc;ico;cur;bmp;dlg;rc2;rct;bin;rgs;gif;jpg;jpeg;jpe;resx;tiff;tif;png;wav;mfcribbon-ms</Extensions>
    </Filter>
    <Filter Include="Base">
      <UniqueIdentifier>{aae1df52-cbce-438f-a032-c7c450a208bf}</UniqueIdentifier>
    </Filter>
    <Filter Include="Commands">
      <UniqueIdentifier>{d65545e8-829e-4b4b-9197-2400f8949171}</UniqueIdentifier>
    </Filter>
    <Filter Include="Graphics">
      <UniqueIdentifier>{5f4a38f3-095d-45c9-8c35-c81767d109b1}</UniqueIdentifier>
    </Filter>
    <Filter Include="Graphics\Line">
      <UniqueIdentifier>{164f9eae-c806-466c-b817-d42850ba7793}</UniqueIdentifier>
    </Filter>
    <Filter Include="Commons">
      <UniqueIdentifier>{7113a82e-16a2-4ed2-aeb6-074d2a04dac1}</UniqueIdentifier>
    </Filter>
    <Filter Include="Graphics\Viewport">
      <UniqueIdentifier>{e661d067-33d8-4d59-a612-b261d103f252}</UniqueIdentifier>
    </Filter>
    <Filter Include="Commons\DrawingManager">
      <UniqueIdentifier>{bccdd7ad-7ccf-4132-a88b-7c2e56360804}</UniqueIdentifier>
    </Filter>
    <Filter Include="Commons\DisposableWrapper">
      <UniqueIdentifier>{aa172782-99d9-4145-a549-c7b732548dba}</UniqueIdentifier>
    </Filter>
  </ItemGroup>
  <ItemGroup>
    <ClInclude Include="Resource.h">
      <Filter>Header Files</Filter>
    </ClInclude>
    <ClInclude Include="pch.h">
      <Filter>Header Files</Filter>
    </ClInclude>
    <ClInclude Include="MathCircle.h">
      <Filter>Header Files</Filter>
    </ClInclude>
    <ClInclude Include="MathViewport.h">
      <Filter>Graphics\Viewport</Filter>
    </ClInclude>
    <ClInclude Include="DrawingManager.h">
      <Filter>Commons\DrawingManager</Filter>
    </ClInclude>
    <ClInclude Include="OdDrawingManager.h">
      <Filter>Commons\DrawingManager</Filter>
    </ClInclude>
    <ClInclude Include="DisposableWrapper.h">
      <Filter>Commons\DisposableWrapper</Filter>
    </ClInclude>
  </ItemGroup>
  <ItemGroup>
    <ClCompile Include="AssemblyInfo.cpp">
      <Filter>Source Files</Filter>
    </ClCompile>
    <ClCompile Include="pch.cpp">
      <Filter>Source Files</Filter>
    </ClCompile>
    <ClCompile Include="MathCircle.cpp">
      <Filter>Source Files</Filter>
    </ClCompile>
    <ClCompile Include="MathViewport.cpp">
      <Filter>Graphics\Viewport</Filter>
    </ClCompile>
    <ClCompile Include="DrawingManager.cpp">
      <Filter>Commons\DrawingManager</Filter>
    </ClCompile>
    <ClCompile Include="OdDrawingManager.cpp">
      <Filter>Commons\DrawingManager</Filter>
    </ClCompile>
  </ItemGroup>
  <ItemGroup>
    <ResourceCompile Include="app.rc">
      <Filter>Resource Files</Filter>
    </ResourceCompile>
  </ItemGroup>
  <ItemGroup>
    <Image Include="app.ico">
      <Filter>Resource Files</Filter>
    </Image>
  </ItemGroup>
</Project>